{
  "name": "emrax-player",
  "version": "0.0.1-alpha.1",
  "lockfileVersion": 3,
  "requires": true,
  "packages": {
    "": {
      "name": "emrax-player",
      "version": "0.0.1-alpha.1",
      "license": "ISC",
      "dependencies": {
        "vue": "^3.0.0"
      }
    },
    "node_modules/@babel/helper-string-parser": {
      "version": "7.27.1",
      "resolved": "https://registry.npmjs.org/@babel/helper-string-parser/-/helper-string-parser-7.27.1.tgz",
      "integrity": "sha512-qMlSxKbpRlAridDExk92nSobyDdpPijUq2DW6oDnUqd0iOGxmQjyqhMIihI9+zv4LPyZdRje2cavWPbCbWm3eA==",
      "license": "MIT",
      "engines": {
        "node": ">=6.9.0"
      }
    },
    "node_modules/@babel/helper-validator-identifier": {
      "version": "7.27.1",
      "resolved": "https://registry.npmjs.org/@babel/helper-validator-identifier/-/helper-validator-identifier-7.27.1.tgz",
      "integrity": "sha512-D2hP9eA+Sqx1kBZgzxZh0y1trbuU+JoDkiEwqhQ36nodYqJwyEIhPSdMNd7lOm/4io72luTPWH20Yda0xOuUow==",
      "license": "MIT",
      "engines": {
        "node": ">=6.9.0"
      }
    },
    "node_modules/@babel/parser": {
      "version": "7.27.5",
      "resolved": "https://registry.npmjs.org/@babel/parser/-/parser-7.27.5.tgz",
      "integrity": "sha512-OsQd175SxWkGlzbny8J3K8TnnDD0N3lrIUtB92xwyRpzaenGZhxDvxN/JgU00U3CDZNj9tPuDJ5H0WS4Nt3vKg==",
      "license": "MIT",
      "dependencies": {
        "@babel/types": "^7.27.3"
      },
      "bin": {
        "parser": "bin/babel-parser.js"
      },
      "engines": {
        "node": ">=6.0.0"
      }
    },
    "node_modules/@babel/types": {
      "version": "7.27.6",
      "resolved": "https://registry.npmjs.org/@babel/types/-/types-7.27.6.tgz",
      "integrity": "sha512-ETyHEk2VHHvl9b9jZP5IHPavHYk57EhanlRRuae9XCpb/j5bDCbPPMOBfCWhnl/7EDJz0jEMCi/RhccCE8r1+Q==",
      "license": "MIT",
      "dependencies": {
        "@babel/helper-string-parser": "^7.27.1",
        "@babel/helper-validator-identifier": "^7.27.1"
      },
      "engines": {
        "node": ">=6.9.0"
      }
    },
    "node_modules/@vue/compiler-core": {
      "version": "3.0.0",
      "resolved": "https://registry.npmjs.org/@vue/compiler-core/-/compiler-core-3.0.0.tgz",
      "integrity": "sha512-XqPC7vdv4rFE77S71oCHmT1K4Ks3WE2Gi6Lr4B5wn0Idmp+NyQQBUHsCNieMDRiEpgtJrw+yOHslrsV0AfAsfQ==",
      "license": "MIT",
      "dependencies": {
        "@babel/parser": "^7.11.5",
        "@babel/types": "^7.11.5",
        "@vue/shared": "3.0.0",
        "estree-walker": "^2.0.1",
        "source-map": "^0.6.1"
      }
    },
    "node_modules/@vue/compiler-dom": {
      "version": "3.0.0",
      "resolved": "https://registry.npmjs.org/@vue/compiler-dom/-/compiler-dom-3.0.0.tgz",
      "integrity": "sha512-ukDEGOP8P7lCPyStuM3F2iD5w2QPgUu2xwCW2XNeqPjFKIlR2xMsWjy4raI/cLjN6W16GtlMFaZdK8tLj5PRog==",
      "license": "MIT",
      "dependencies": {
        "@vue/compiler-core": "3.0.0",
        "@vue/shared": "3.0.0"
      }
    },
    "node_modules/@vue/reactivity": {
      "version": "3.0.0",
      "resolved": "https://registry.npmjs.org/@vue/reactivity/-/reactivity-3.0.0.tgz",
      "integrity": "sha512-mEGkztGQrAPZRhV7C6PorrpT3+NtuA4dY2QjMzzrW31noKhssWTajRZTwpLF39NBRrF5UU6cp9+1I0FfavMgEQ==",
      "license": "MIT",
      "dependencies": {
        "@vue/shared": "3.0.0"
      }
    },
    "node_modules/@vue/runtime-core": {
      "version": "3.0.0",
      "resolved": "https://registry.npmjs.org/@vue/runtime-core/-/runtime-core-3.0.0.tgz",
      "integrity": "sha512-3ABMLeA0ZbeVNLbGGLXr+pNUwqXILOqz8WCVGfDWwQb+jW114Cm8djOHVVDoqdvRETQvDf8yHSUmpKHZpQuTkA==",
      "license": "MIT",
      "dependencies": {
        "@vue/reactivity": "3.0.0",
        "@vue/shared": "3.0.0"
      }
    },
    "node_modules/@vue/runtime-dom": {
      "version": "3.0.0",
      "resolved": "https://registry.npmjs.org/@vue/runtime-dom/-/runtime-dom-3.0.0.tgz",
      "integrity": "sha512-f312n5w9gK6mVvkDSj6/Xnot1XjlKXzFBYybmoy6ahAVC8ExbQ+LOWti1IZM/adU8VMNdKaw7Q53Hxz3y5jX8g==",
      "license": "MIT",
      "dependencies": {
        "@vue/runtime-core": "3.0.0",
        "@vue/shared": "3.0.0",
        "csstype": "^2.6.8"
      }
    },
    "node_modules/@vue/shared": {
      "version": "3.0.0",
      "resolved": "https://registry.npmjs.org/@vue/shared/-/shared-3.0.0.tgz",
      "integrity": "sha512-4XWL/avABGxU2E2ZF1eZq3Tj7fvksCMssDZUHOykBIMmh5d+KcAnQMC5XHMhtnA0NAvktYsA2YpdsVwVmhWzvA==",
      "license": "MIT"
    },
    "node_modules/csstype": {
      "version": "2.6.21",
      "resolved": "https://registry.npmjs.org/csstype/-/csstype-2.6.21.tgz",
      "integrity": "sha512-Z1PhmomIfypOpoMjRQB70jfvy/wxT50qW08YXO5lMIJkrdq4yOTR+AW7FqutScmB9NkLwxo+jU+kZLbofZZq/w==",
      "license": "MIT"
    },
    "node_modules/estree-walker": {
      "version": "2.0.2",
      "resolved": "https://registry.npmjs.org/estree-walker/-/estree-walker-2.0.2.tgz",
      "integrity": "sha512-Rfkk/Mp/DL7JVje3u18FxFujQlTNR2q6QfMSMB7AvCBx91NGj/ba3kCfza0f6dVDbw7YlRf/nDrn7pQrCCyQ/w==",
      "license": "MIT"
    },
    "node_modules/source-map": {
      "version": "0.6.1",
      "resolved": "https://registry.npmjs.org/source-map/-/source-map-0.6.1.tgz",
      "integrity": "sha512-UjgapumWlbMhkBgzT7Ykc5YXUT46F0iKu8SGXq0bcwP5dz/h0Plj6enJqjz1Zbq2l5WaqYnrVbwWOWMyF3F47g==",
      "license": "BSD-3-Clause",
      "engines": {
        "node": ">=0.10.0"
      }
    },
    "node_modules/vue": {
      "version": "3.0.0",
      "resolved": "https://registry.npmjs.org/vue/-/vue-3.0.0.tgz",
      "integrity": "sha512-ZMrAARZ32sGIaYKr7Fk2GZEBh/VhulSrGxcGBiAvbN4fhjl3tuJyNFbbbLFqGjndbLoBW66I2ECq8ICdvkKdJw==",
      "license": "MIT",
      "dependencies": {
        "@vue/compiler-dom": "3.0.0",
        "@vue/runtime-dom": "3.0.0",
        "@vue/shared": "3.0.0"
      }
    }
  }
}
